PODS:
  - Flutter (1.22.4)
  - "location_permissions (3.0.0+1)":
    - Flutter

DEPENDENCIES:
  - location_permissions (from `.symlinks/plugins/location_permissions/ios`)

SPEC REPOS:
  trunk:
    - Flutter

EXTERNAL SOURCES:
  location_permissions:
    :path: ".symlinks/plugins/location_permissions/ios"

SPEC CHECKSUMS:
  Flutter: d466195df8a9933b705cb82c53140202e097ec55
  location_permissions: 7e0f9aa0f60deb8ff93ddf0e2a164c7e8197bc94

PODFILE CHECKSUM: aff02bfeed411c636180d6812254b2daeea14d09

COCOAPODS: 1.10.0
